
Microsoft Visual Studio Solution File, Format Version 12.00
# Visual Studio Version 17
VisualStudioVersion = 17.3.32811.315
MinimumVisualStudioVersion = 10.0.40219.1
Project("{FAE04EC0-301F-11D3-BF4B-00C04F79EFBC}") = "EFlogin", "EFlogin\EFlogin.csproj", "{79AFF3E6-7042-4A0B-ABA6-23874D830275}"
EndProject
Global
	GlobalSection(SolutionConfigurationPlatforms) = preSolution
		Debug|Any CPU = Debug|Any CPU
		Release|Any CPU = Release|Any CPU
	EndGlobalSection
	GlobalSection(ProjectConfigurationPlatforms) = postSolution
		{79AFF3E6-7042-4A0B-ABA6-23874D830275}.Debug|Any CPU.ActiveCfg = Debug|Any CPU
		{79AFF3E6-7042-4A0B-ABA6-23874D830275}.Debug|Any CPU.Build.0 = Debug|Any CPU
		{79AFF3E6-7042-4A0B-ABA6-23874D830275}.Release|Any CPU.ActiveCfg = Release|Any CPU
		{79AFF3E6-7042-4A0B-ABA6-23874D830275}.Release|Any CPU.Build.0 = Release|Any CPU
	EndGlobalSection
	GlobalSection(SolutionProperties) = preSolution
		HideSolutionNode = FALSE
	EndGlobalSection
	GlobalSection(ExtensibilityGlobals) = postSolution
		SolutionGuid = {EB40FB01-C13F-4E08-887E-63B11FAB3B64}
	EndGlobalSection
EndGlobal
